
Microsoft Visual Studio Solution File, Format Version 12.00
# Visual Studio 15
VisualStudioVersion = 15.0.28307.757
MinimumVisualStudioVersion = 10.0.40219.1
Project("{FAE04EC0-301F-11D3-BF4B-00C04F79EFBC}") = "ChatApp", "ChatApp\ChatApp.csproj", "{D2873441-C1F6-44D0-A0A7-DB02158871C2}"
EndProject
Project("{FAE04EC0-301F-11D3-BF4B-00C04F79EFBC}") = "chatServer", "chatServer\chatServer.csproj", "{F1FE8556-1AC5-41C8-8C36-0918682AD5D2}"
EndProject
Global
	GlobalSection(SolutionConfigurationPlatforms) = preSolution
		Debug|Any CPU = Debug|Any CPU
		Release|Any CPU = Release|Any CPU
	EndGlobalSection
	GlobalSection(ProjectConfigurationPlatforms) = postSolution
		{D2873441-C1F6-44D0-A0A7-DB02158871C2}.Debug|Any CPU.ActiveCfg = Debug|Any CPU
		{D2873441-C1F6-44D0-A0A7-DB02158871C2}.Debug|Any CPU.Build.0 = Debug|Any CPU
		{D2873441-C1F6-44D0-A0A7-DB02158871C2}.Release|Any CPU.ActiveCfg = Release|Any CPU
		{D2873441-C1F6-44D0-A0A7-DB02158871C2}.Release|Any CPU.Build.0 = Release|Any CPU
		{F1FE8556-1AC5-41C8-8C36-0918682AD5D2}.Debug|Any CPU.ActiveCfg = Debug|Any CPU
		{F1FE8556-1AC5-41C8-8C36-0918682AD5D2}.Debug|Any CPU.Build.0 = Debug|Any CPU
		{F1FE8556-1AC5-41C8-8C36-0918682AD5D2}.Release|Any CPU.ActiveCfg = Release|Any CPU
		{F1FE8556-1AC5-41C8-8C36-0918682AD5D2}.Release|Any CPU.Build.0 = Release|Any CPU
	EndGlobalSection
	GlobalSection(SolutionProperties) = preSolution
		HideSolutionNode = FALSE
	EndGlobalSection
	GlobalSection(ExtensibilityGlobals) = postSolution
		SolutionGuid = {0A001BB8-63D3-488C-9F24-B066956DDA20}
	EndGlobalSection
EndGlobal
